
Microsoft Visual Studio Solution File, Format Version 12.00
# Visual Studio Version 16
VisualStudioVersion = 16.0.30028.174
MinimumVisualStudioVersion = 10.0.40219.1
Project("{E24C65DC-7377-472B-9ABA-BC803B73C61A}") = "411WebSite1", ".", "{6E992A06-8482-4816-AD9C-E53FF90F475D}"
	ProjectSection(WebsiteProperties) = preProject
		TargetFrameworkMoniker = ".NETFramework,Version%3Dv4.5.2"
		Debug.AspNetCompiler.VirtualPath = "/localhost_54511"
		Debug.AspNetCompiler.PhysicalPath = "..\411WebSite1\"
		Debug.AspNetCompiler.TargetPath = "PrecompiledWeb\localhost_54511\"
		Debug.AspNetCompiler.Updateable = "true"
		Debug.AspNetCompiler.ForceOverwrite = "true"
		Debug.AspNetCompiler.FixedNames = "false"
		Debug.AspNetCompiler.Debug = "True"
		Release.AspNetCompiler.VirtualPath = "/localhost_54511"
		Release.AspNetCompiler.PhysicalPath = "..\411WebSite1\"
		Release.AspNetCompiler.TargetPath = "PrecompiledWeb\localhost_54511\"
		Release.AspNetCompiler.Updateable = "true"
		Release.AspNetCompiler.ForceOverwrite = "true"
		Release.AspNetCompiler.FixedNames = "false"
		Release.AspNetCompiler.Debug = "False"
		VWDPort = "54511"
		SlnRelativePath = "..\411WebSite1\"
	EndProjectSection
EndProject
Global
	GlobalSection(SolutionConfigurationPlatforms) = preSolution
		Debug|Any CPU = Debug|Any CPU
	EndGlobalSection
	GlobalSection(ProjectConfigurationPlatforms) = postSolution
		{6E992A06-8482-4816-AD9C-E53FF90F475D}.Debug|Any CPU.ActiveCfg = Debug|Any CPU
		{6E992A06-8482-4816-AD9C-E53FF90F475D}.Debug|Any CPU.Build.0 = Debug|Any CPU
	EndGlobalSection
	GlobalSection(SolutionProperties) = preSolution
		HideSolutionNode = FALSE
	EndGlobalSection
	GlobalSection(ExtensibilityGlobals) = postSolution
		SolutionGuid = {6A448526-2D6A-48E7-99E9-22D1E53FE9A0}
	EndGlobalSection
EndGlobal
