
Microsoft Visual Studio Solution File, Format Version 12.00
# Visual Studio 14
VisualStudioVersion = 14.0.25123.0
MinimumVisualStudioVersion = 10.0.40219.1
Project("{F184B08F-C81C-45F6-A57F-5ABD9991F28F}") = "QueueEmunurate", "QueueEmunurate\QueueEmunurate.vbproj", "{ABB37F1E-1A33-4430-BF42-08A154EE5139}"
EndProject
Global
	GlobalSection(SolutionConfigurationPlatforms) = preSolution
		Debug|Any CPU = Debug|Any CPU
		Release|Any CPU = Release|Any CPU
	EndGlobalSection
	GlobalSection(ProjectConfigurationPlatforms) = postSolution
		{ABB37F1E-1A33-4430-BF42-08A154EE5139}.Debug|Any CPU.ActiveCfg = Debug|Any CPU
		{ABB37F1E-1A33-4430-BF42-08A154EE5139}.Debug|Any CPU.Build.0 = Debug|Any CPU
		{ABB37F1E-1A33-4430-BF42-08A154EE5139}.Release|Any CPU.ActiveCfg = Release|Any CPU
		{ABB37F1E-1A33-4430-BF42-08A154EE5139}.Release|Any CPU.Build.0 = Release|Any CPU
	EndGlobalSection
	GlobalSection(SolutionProperties) = preSolution
		HideSolutionNode = FALSE
	EndGlobalSection
EndGlobal
